lockfileVersion: '9.0'

settings:
  autoInstallPeers: true
  excludeLinksFromLockfile: false

importers:

  .:
    dependencies:
      sleep-async:
        specifier: ^1.0.5
        version: 1.0.5

packages:

  sleep-async@1.0.5:
    resolution: {integrity: sha512-G2B+GBBshG+gSKZZeCTX5ONnF7XVUVpYP0O4QYWmXH6XIpEUfcFbWWwQKleZixg68PWEArvVEi23159F7ohlUQ==}

snapshots:

  sleep-async@1.0.5: {}
