lockfileVersion: '9.0'

settings:
  autoInstallPeers: true
  excludeLinksFromLockfile: false

importers:

  .:
    dependencies:
      watch:
        specifier: ^1.0.2
        version: 1.0.2

packages:

  exec-sh@0.2.2:
    resolution: {integrity: sha512-FIUCJz1RbuS0FKTdaAafAByGS0CPvU3R0MeHxgtl+djzCc//F8HakL8GzmVNZanasTbTAY/3DRFA0KpVqj/eAw==}

  merge@1.2.1:
    resolution: {integrity: sha512-VjFo4P5Whtj4vsLzsYBu5ayHhoHJ0UqNm7ibvShmbmoz7tGi0vXaoJbGdB+GmDMLUdg8DpQXEIeVDAe8MaABvQ==}

  minimist@1.2.8:
    resolution: {integrity: sha512-2yyAR8qBkN3YuheJanUpWC5U3bb5osDywNB8RzDVlDwDHbocAJveqqj1u8+SVD7jkWT4yvsHCpWqqWqAxb0zCA==}

  watch@1.0.2:
    resolution: {integrity: sha512-1u+Z5n9Jc1E2c7qDO8SinPoZuHj7FgbgU1olSFoyaklduDvvtX7GMMtlE6OC9FTXq4KvNAOfj6Zu4vI1e9bAKA==}
    engines: {node: '>=0.1.95'}
    hasBin: true

snapshots:

  exec-sh@0.2.2:
    dependencies:
      merge: 1.2.1

  merge@1.2.1: {}

  minimist@1.2.8: {}

  watch@1.0.2:
    dependencies:
      exec-sh: 0.2.2
      minimist: 1.2.8
